// !$*UTF8*$!
{
	archiveVersion = 1;
	classes = {
	};
	objectVersion = 46;
	objects = {

/* Begin PBXBuildFile section */
		6A6205F619FC503E00200FD3 /* AppDelegate.swift in Sources */ = {isa = PBXBuildFile; fileRef = 6A6205F519FC503E00200FD3 /* AppDelegate.swift */; };
		6A6205F819FC503E00200FD3 /* MasterViewController.swift in Sources */ = {isa = PBXBuildFile; fileRef = 6A6205F719FC503E00200FD3 /* MasterViewController.swift */; };
		6A6205FA19FC503E00200FD3 /* DetailViewController.swift in Sources */ = {isa = PBXBuildFile; fileRef = 6A6205F919FC503E00200FD3 /* DetailViewController.swift */; };
		6A6205FD19FC503E00200FD3 /* Main.storyboard in Resources */ = {isa = PBXBuildFile; fileRef = 6A6205FB19FC503E00200FD3 /* Main.storyboard */; };
		6A6205FF19FC503E00200FD3 /* Images.xcassets in Resources */ = {isa = PBXBuildFile; fileRef = 6A6205FE19FC503E00200FD3 /* Images.xcassets */; };
		6A62060219FC503E00200FD3 /* LaunchScreen.xib in Resources */ = {isa = PBXBuildFile; fileRef = 6A62060019FC503E00200FD3 /* LaunchScreen.xib */; };
		6A62060E19FC503E00200FD3 /* band_aider_iosTests.swift in Sources */ = {isa = PBXBuildFile; fileRef = 6A62060D19FC503E00200FD3 /* band_aider_iosTests.swift */; };
/* End PBXBuildFile section */

/* Begin PBXContainerItemProxy section */
		6A62060819FC503E00200FD3 /* PBXContainerItemProxy */ = {
			isa = PBXContainerItemProxy;
			containerPortal = 6A6205E819FC503D00200FD3 /* Project object */;
			proxyType = 1;
			remoteGlobalIDString = 6A6205EF19FC503D00200FD3;
			remoteInfo = "band-aider-ios";
		};
/* End PBXContainerItemProxy section */

/* Begin PBXFileReference section */
		6A6205F019FC503E00200FD3 /* band-aider-ios.app */ = {isa = PBXFileReference; explicitFileType = wrapper.application; includeInIndex = 0; path = "band-aider-ios.app"; sourceTree = BUILT_PRODUCTS_DIR; };
		6A6205F419FC503E00200FD3 /* Info.plist */ = {isa = PBXFileReference; lastKnownFileType = text.plist.xml; path = Info.plist; sourceTree = "<group>"; };
		6A6205F519FC503E00200FD3 /* AppDelegate.swift */ = {isa = PBXFileReference; lastKnownFileType = sourcecode.swift; path = AppDelegate.swift; sourceTree = "<group>"; };
		6A6205F719FC503E00200FD3 /* MasterViewController.swift */ = {isa = PBXFileReference; lastKnownFileType = sourcecode.swift; path = MasterViewController.swift; sourceTree = "<group>"; };
		6A6205F919FC503E00200FD3 /* DetailViewController.swift */ = {isa = PBXFileReference; lastKnownFileType = sourcecode.swift; path = DetailViewController.swift; sourceTree = "<group>"; };
		6A6205FC19FC503E00200FD3 /* Base */ = {isa = PBXFileReference; lastKnownFileType = file.storyboard; name = Base; path = Base.lproj/Main.storyboard; sourceTree = "<group>"; };
		6A6205FE19FC503E00200FD3 /* Images.xcassets */ = {isa = PBXFileReference; lastKnownFileType = folder.assetcatalog; path = Images.xcassets; sourceTree = "<group>"; };
		6A62060119FC503E00200FD3 /* Base */ = {isa = PBXFileReference; lastKnownFileType = file.xib; name = Base; path = Base.lproj/LaunchScreen.xib; sourceTree = "<group>"; };
		6A62060719FC503E00200FD3 /* band-aider-iosTests.xctest */ = {isa = PBXFileReference; explicitFileType = wrapper.cfbundle; includeInIndex = 0; path = "band-aider-iosTests.xctest"; sourceTree = BUILT_PRODUCTS_DIR; };
		6A62060C19FC503E00200FD3 /* Info.plist */ = {isa = PBXFileReference; lastKnownFileType = text.plist.xml; path = Info.plist; sourceTree = "<group>"; };
		6A62060D19FC503E00200FD3 /* band_aider_iosTests.swift */ = {isa = PBXFileReference; lastKnownFileType = sourcecode.swift; path = band_aider_iosTests.swift; sourceTree = "<group>"; };
/* End PBXFileReference section */

/* Begin PBXFrameworksBuildPhase section */
		6A6205ED19FC503D00200FD3 /* Frameworks */ = {
			isa = PBXFrameworksBuildPhase;
			buildActionMask = 2147483647;
			files = (
			);
			runOnlyForDeploymentPostprocessing = 0;
		};
		6A62060419FC503E00200FD3 /* Frameworks */ = {
			isa = PBXFrameworksBuildPhase;
			buildActionMask = 2147483647;
			files = (
			);
			runOnlyForDeploymentPostprocessing = 0;
		};
/* End PBXFrameworksBuildPhase section */

/* Begin PBXGroup section */
		6A6205E719FC503D00200FD3 = {
			isa = PBXGroup;
			children = (
				6A6205F219FC503E00200FD3 /* band-aider-ios */,
				6A62060A19FC503E00200FD3 /* band-aider-iosTests */,
				6A6205F119FC503E00200FD3 /* Products */,
			);
			sourceTree = "<group>";
		};
		6A6205F119FC503E00200FD3 /* Products */ = {
			isa = PBXGroup;
			children = (
				6A6205F019FC503E00200FD3 /* band-aider-ios.app */,
				6A62060719FC503E00200FD3 /* band-aider-iosTests.xctest */,
			);
			name = Products;
			sourceTree = "<group>";
		};
		6A6205F219FC503E00200FD3 /* band-aider-ios */ = {
			isa = PBXGroup;
			children = (
				6A6205F519FC503E00200FD3 /* AppDelegate.swift */,
				6A6205F719FC503E00200FD3 /* MasterViewController.swift */,
				6A6205F919FC503E00200FD3 /* DetailViewController.swift */,
				6A6205FB19FC503E00200FD3 /* Main.storyboard */,
				6A6205FE19FC503E00200FD3 /* Images.xcassets */,
				6A62060019FC503E00200FD3 /* LaunchScreen.xib */,
				6A6205F319FC503E00200FD3 /* Supporting Files */,
			);
			path = "band-aider-ios";
			sourceTree = "<group>";
		};
		6A6205F319FC503E00200FD3 /* Supporting Files */ = {
			isa = PBXGroup;
			children = (
				6A6205F419FC503E00200FD3 /* Info.plist */,
			);
			name = "Supporting Files";
			sourceTree = "<group>";
		};
		6A62060A19FC503E00200FD3 /* band-aider-iosTests */ = {
			isa = PBXGroup;
			children = (
				6A62060D19FC503E00200FD3 /* band_aider_iosTests.swift */,
				6A62060B19FC503E00200FD3 /* Supporting Files */,
			);
			path = "band-aider-iosTests";
			sourceTree = "<group>";
		};
		6A62060B19FC503E00200FD3 /* Supporting Files */ = {
			isa = PBXGroup;
			children = (
				6A62060C19FC503E00200FD3 /* Info.plist */,
			);
			name = "Supporting Files";
			sourceTree = "<group>";
		};
/* End PBXGroup section */

/* Begin PBXNativeTarget section */
		6A6205EF19FC503D00200FD3 /* band-aider-ios */ = {
			isa = PBXNativeTarget;
			buildConfigurationList = 6A62061119FC503E00200FD3 /* Build configuration list for PBXNativeTarget "band-aider-ios" */;
			buildPhases = (
				6A6205EC19FC503D00200FD3 /* Sources */,
				6A6205ED19FC503D00200FD3 /* Frameworks */,
				6A6205EE19FC503D00200FD3 /* Resources */,
			);
			buildRules = (
			);
			dependencies = (
			);
			name = "band-aider-ios";
			productName = "band-aider-ios";
			productReference = 6A6205F019FC503E00200FD3 /* band-aider-ios.app */;
			productType = "com.apple.product-type.application";
		};
		6A62060619FC503E00200FD3 /* band-aider-iosTests */ = {
			isa = PBXNativeTarget;
			buildConfigurationList = 6A62061419FC503E00200FD3 /* Build configuration list for PBXNativeTarget "band-aider-iosTests" */;
			buildPhases = (
				6A62060319FC503E00200FD3 /* Sources */,
				6A62060419FC503E00200FD3 /* Frameworks */,
				6A62060519FC503E00200FD3 /* Resources */,
			);
			buildRules = (
			);
			dependencies = (
				6A62060919FC503E00200FD3 /* PBXTargetDependency */,
			);
			name = "band-aider-iosTests";
			productName = "band-aider-iosTests";
			productReference = 6A62060719FC503E00200FD3 /* band-aider-iosTests.xctest */;
			productType = "com.apple.product-type.bundle.unit-test";
		};
/* End PBXNativeTarget section */

/* Begin PBXProject section */
		6A6205E819FC503D00200FD3 /* Project object */ = {
			isa = PBXProject;
			attributes = {
				LastUpgradeCheck = 0610;
				ORGANIZATIONNAME = bandaider;
				TargetAttributes = {
					6A6205EF19FC503D00200FD3 = {
						CreatedOnToolsVersion = 6.1;
					};
					6A62060619FC503E00200FD3 = {
						CreatedOnToolsVersion = 6.1;
						TestTargetID = 6A6205EF19FC503D00200FD3;
					};
				};
			};
			buildConfigurationList = 6A6205EB19FC503D00200FD3 /* Build configuration list for PBXProject "band-aider-ios" */;
			compatibilityVersion = "Xcode 3.2";
			developmentRegion = English;
			hasScannedForEncodings = 0;
			knownRegions = (
				en,
				Base,
			);
			mainGroup = 6A6205E719FC503D00200FD3;
			productRefGroup = 6A6205F119FC503E00200FD3 /* Products */;
			projectDirPath = "";
			projectRoot = "";
			targets = (
				6A6205EF19FC503D00200FD3 /* band-aider-ios */,
				6A62060619FC503E00200FD3 /* band-aider-iosTests */,
			);
		};
/* End PBXProject section */

/* Begin PBXResourcesBuildPhase section */
		6A6205EE19FC503D00200FD3 /* Resources */ = {
			isa = PBXResourcesBuildPhase;
			buildActionMask = 2147483647;
			files = (
				6A6205FD19FC503E00200FD3 /* Main.storyboard in Resources */,
				6A62060219FC503E00200FD3 /* LaunchScreen.xib in Resources */,
				6A6205FF19FC503E00200FD3 /* Images.xcassets in Resources */,
			);
			runOnlyForDeploymentPostprocessing = 0;
		};
		6A62060519FC503E00200FD3 /* Resources */ = {
			isa = PBXResourcesBuildPhase;
			buildActionMask = 2147483647;
			files = (
			);
			runOnlyForDeploymentPostprocessing = 0;
		};
/* End PBXResourcesBuildPhase section */

/* Begin PBXSourcesBuildPhase section */
		6A6205EC19FC503D00200FD3 /* Sources */ = {
			isa = PBXSourcesBuildPhase;
			buildActionMask = 2147483647;
			files = (
				6A6205FA19FC503E00200FD3 /* DetailViewController.swift in Sources */,
				6A6205F819FC503E00200FD3 /* MasterViewController.swift in Sources */,
				6A6205F619FC503E00200FD3 /* AppDelegate.swift in Sources */,
			);
			runOnlyForDeploymentPostprocessing = 0;
		};
		6A62060319FC503E00200FD3 /* Sources */ = {
			isa = PBXSourcesBuildPhase;
			buildActionMask = 2147483647;
			files = (
				6A62060E19FC503E00200FD3 /* band_aider_iosTests.swift in Sources */,
			);
			runOnlyForDeploymentPostprocessing = 0;
		};
/* End PBXSourcesBuildPhase section */

/* Begin PBXTargetDependency section */
		6A62060919FC503E00200FD3 /* PBXTargetDependency */ = {
			isa = PBXTargetDependency;
			target = 6A6205EF19FC503D00200FD3 /* band-aider-ios */;
			targetProxy = 6A62060819FC503E00200FD3 /* PBXContainerItemProxy */;
		};
/* End PBXTargetDependency section */

/* Begin PBXVariantGroup section */
		6A6205FB19FC503E00200FD3 /* Main.storyboard */ = {
			isa = PBXVariantGroup;
			children = (
				6A6205FC19FC503E00200FD3 /* Base */,
			);
			name = Main.storyboard;
			sourceTree = "<group>";
		};
		6A62060019FC503E00200FD3 /* LaunchScreen.xib */ = {
			isa = PBXVariantGroup;
			children = (
				6A62060119FC503E00200FD3 /* Base */,
			);
			name = LaunchScreen.xib;
			sourceTree = "<group>";
		};
/* End PBXVariantGroup section */

/* Begin XCBuildConfiguration section */
		6A62060F19FC503E00200FD3 /* Debug */ = {
			isa = XCBuildConfiguration;
			buildSettings = {
				ALWAYS_SEARCH_USER_PATHS = NO;
				CLANG_CXX_LANGUAGE_STANDARD = "gnu++0x";
				CLANG_CXX_LIBRARY = "libc++";
				CLANG_ENABLE_MODULES = YES;
				CLANG_ENABLE_OBJC_ARC = YES;
				CLANG_WARN_BOOL_CONVERSION = YES;
				CLANG_WARN_CONSTANT_CONVERSION = YES;
				CLANG_WARN_DIRECT_OBJC_ISA_USAGE = YES_ERROR;
				CLANG_WARN_EMPTY_BODY = YES;
				CLANG_WARN_ENUM_CONVERSION = YES;
				CLANG_WARN_INT_CONVERSION = YES;
				CLANG_WARN_OBJC_ROOT_CLASS = YES_ERROR;
				CLANG_WARN_UNREACHABLE_CODE = YES;
				CLANG_WARN__DUPLICATE_METHOD_MATCH = YES;
				"CODE_SIGN_IDENTITY[sdk=iphoneos*]" = "iPhone Developer";
				COPY_PHASE_STRIP = NO;
				ENABLE_STRICT_OBJC_MSGSEND = YES;
				GCC_C_LANGUAGE_STANDARD = gnu99;
				GCC_DYNAMIC_NO_PIC = NO;
				GCC_OPTIMIZATION_LEVEL = 0;
				GCC_PREPROCESSOR_DEFINITIONS = (
					"DEBUG=1",
					"$(inherited)",
				);
				GCC_SYMBOLS_PRIVATE_EXTERN = NO;
				GCC_WARN_64_TO_32_BIT_CONVERSION = YES;
				GCC_WARN_ABOUT_RETURN_TYPE = YES_ERROR;
				GCC_WARN_UNDECLARED_SELECTOR = YES;
				GCC_WARN_UNINITIALIZED_AUTOS = YES_AGGRESSIVE;
				GCC_WARN_UNUSED_FUNCTION = YES;
				GCC_WARN_UNUSED_VARIABLE = YES;
				IPHONEOS_DEPLOYMENT_TARGET = 8.1;
				MTL_ENABLE_DEBUG_INFO = YES;
				ONLY_ACTIVE_ARCH = YES;
				SDKROOT = iphoneos;
				SWIFT_OPTIMIZATION_LEVEL = "-Onone";
			};
			name = Debug;
		};
		6A62061019FC503E00200FD3 /* Release */ = {
			isa = XCBuildConfiguration;
			buildSettings = {
				ALWAYS_SEARCH_USER_PATHS = NO;
				CLANG_CXX_LANGUAGE_STANDARD = "gnu++0x";
				CLANG_CXX_LIBRARY = "libc++";
				CLANG_ENABLE_MODULES = YES;
				CLANG_ENABLE_OBJC_ARC = YES;
				CLANG_WARN_BOOL_CONVERSION = YES;
				CLANG_WARN_CONSTANT_CONVERSION = YES;
				CLANG_WARN_DIRECT_OBJC_ISA_USAGE = YES_ERROR;
				CLANG_WARN_EMPTY_BODY = YES;
				CLANG_WARN_ENUM_CONVERSION = YES;
				CLANG_WARN_INT_CONVERSION = YES;
				CLANG_WARN_OBJC_ROOT_CLASS = YES_ERROR;
				CLANG_WARN_UNREACHABLE_CODE = YES;
				CLANG_WARN__DUPLICATE_METHOD_MATCH = YES;
				"CODE_SIGN_IDENTITY[sdk=iphoneos*]" = "iPhone Developer";
				COPY_PHASE_STRIP = YES;
				ENABLE_NS_ASSERTIONS = NO;
				ENABLE_STRICT_OBJC_MSGSEND = YES;
				GCC_C_LANGUAGE_STANDARD = gnu99;
				GCC_WARN_64_TO_32_BIT_CONVERSION = YES;
				GCC_WARN_ABOUT_RETURN_TYPE = YES_ERROR;
				GCC_WARN_UNDECLARED_SELECTOR = YES;
				GCC_WARN_UNINITIALIZED_AUTOS = YES_AGGRESSIVE;
				GCC_WARN_UNUSED_FUNCTION = YES;
				GCC_WARN_UNUSED_VARIABLE = YES;
				IPHONEOS_DEPLOYMENT_TARGET = 8.1;
				MTL_ENABLE_DEBUG_INFO = NO;
				SDKROOT = iphoneos;
				VALIDATE_PRODUCT = YES;
			};
			name = Release;
		};
		6A62061219FC503E00200FD3 /* Debug */ = {
			isa = XCBuildConfiguration;
			buildSettings = {
				ASSETCATALOG_COMPILER_APPICON_NAME = AppIcon;
				INFOPLIST_FILE = "band-aider-ios/Info.plist";
				LD_RUNPATH_SEARCH_PATHS = "$(inherited) @executable_path/Frameworks";
				PRODUCT_NAME = "$(TARGET_NAME)";
			};
			name = Debug;
		};
		6A62061319FC503E00200FD3 /* Release */ = {
			isa = XCBuildConfiguration;
			buildSettings = {
				ASSETCATALOG_COMPILER_APPICON_NAME = AppIcon;
				INFOPLIST_FILE = "band-aider-ios/Info.plist";
				LD_RUNPATH_SEARCH_PATHS = "$(inherited) @executable_path/Frameworks";
				PRODUCT_NAME = "$(TARGET_NAME)";
			};
			name = Release;
		};
		6A62061519FC503E00200FD3 /* Debug */ = {
			isa = XCBuildConfiguration;
			buildSettings = {
				BUNDLE_LOADER = "$(TEST_HOST)";
				FRAMEWORK_SEARCH_PATHS = (
					"$(SDKROOT)/Developer/Library/Frameworks",
					"$(inherited)",
				);
				GCC_PREPROCESSOR_DEFINITIONS = (
					"DEBUG=1",
					"$(inherited)",
				);
				INFOPLIST_FILE = "band-aider-iosTests/Info.plist";
				LD_RUNPATH_SEARCH_PATHS = "$(inherited) @executable_path/Frameworks @loader_path/Frameworks";
				PRODUCT_NAME = "$(TARGET_NAME)";
				TEST_HOST = "$(BUILT_PRODUCTS_DIR)/band-aider-ios.app/band-aider-ios";
			};
			name = Debug;
		};
		6A62061619FC503E00200FD3 /* Release */ = {
			isa = XCBuildConfiguration;
			buildSettings = {
				BUNDLE_LOADER = "$(TEST_HOST)";
				FRAMEWORK_SEARCH_PATHS = (
					"$(SDKROOT)/Developer/Library/Frameworks",
					"$(inherited)",
				);
				INFOPLIST_FILE = "band-aider-iosTests/Info.plist";
				LD_RUNPATH_SEARCH_PATHS = "$(inherited) @executable_path/Frameworks @loader_path/Frameworks";
				PRODUCT_NAME = "$(TARGET_NAME)";
				TEST_HOST = "$(BUILT_PRODUCTS_DIR)/band-aider-ios.app/band-aider-ios";
			};
			name = Release;
		};
/* End XCBuildConfiguration section */

/* Begin XCConfigurationList section */
		6A6205EB19FC503D00200FD3 /* Build configuration list for PBXProject "band-aider-ios" */ = {
			isa = XCConfigurationList;
			buildConfigurations = (
				6A62060F19FC503E00200FD3 /* Debug */,
				6A62061019FC503E00200FD3 /* Release */,
			);
			defaultConfigurationIsVisible = 0;
			defaultConfigurationName = Release;
		};
		6A62061119FC503E00200FD3 /* Build configuration list for PBXNativeTarget "band-aider-ios" */ = {
			isa = XCConfigurationList;
			buildConfigurations = (
				6A62061219FC503E00200FD3 /* Debug */,
				6A62061319FC503E00200FD3 /* Release */,
			);
			defaultConfigurationIsVisible = 0;
		};
		6A62061419FC503E00200FD3 /* Build configuration list for PBXNativeTarget "band-aider-iosTests" */ = {
			isa = XCConfigurationList;
			buildConfigurations = (
				6A62061519FC503E00200FD3 /* Debug */,
				6A62061619FC503E00200FD3 /* Release */,
			);
			defaultConfigurationIsVisible = 0;
		};
/* End XCConfigurationList section */
	};
	rootObject = 6A6205E819FC503D00200FD3 /* Project object */;
}
